
Microsoft Visual Studio Solution File, Format Version 12.00
# Visual Studio Version 17
VisualStudioVersion = 17.1.32414.318
MinimumVisualStudioVersion = 10.0.40219.1
Project("{FAE04EC0-301F-11D3-BF4B-00C04F79EFBC}") = "SistemaGenericoRH", "SistemaGenericoRH\SistemaGenericoRH.csproj", "{0CD7EB05-C819-49A9-9229-AB8D22B3ADB2}"
EndProject
Global
	GlobalSection(SolutionConfigurationPlatforms) = preSolution
		Debug|Any CPU = Debug|Any CPU
		Release|Any CPU = Release|Any CPU
	EndGlobalSection
	GlobalSection(ProjectConfigurationPlatforms) = postSolution
		{0CD7EB05-C819-49A9-9229-AB8D22B3ADB2}.Debug|Any CPU.ActiveCfg = Debug|Any CPU
		{0CD7EB05-C819-49A9-9229-AB8D22B3ADB2}.Debug|Any CPU.Build.0 = Debug|Any CPU
		{0CD7EB05-C819-49A9-9229-AB8D22B3ADB2}.Release|Any CPU.ActiveCfg = Release|Any CPU
		{0CD7EB05-C819-49A9-9229-AB8D22B3ADB2}.Release|Any CPU.Build.0 = Release|Any CPU
	EndGlobalSection
	GlobalSection(SolutionProperties) = preSolution
		HideSolutionNode = FALSE
	EndGlobalSection
	GlobalSection(ExtensibilityGlobals) = postSolution
		SolutionGuid = {44C43BD4-4BFD-44A3-8850-1252B4090B51}
	EndGlobalSection
EndGlobal
